
Microsoft Visual Studio Solution File, Format Version 12.00
# Visual Studio Version 17
VisualStudioVersion = 17.1.32328.378
MinimumVisualStudioVersion = 10.0.40219.1
Project("{8BC9CEB8-8B4A-11D0-8D11-00A0C91BC942}") = "base", "base\base.vcxproj", "{EBE19B4B-F0F2-494F-9C3E-A5BD26EC8BB0}"
EndProject
Project("{8BC9CEB8-8B4A-11D0-8D11-00A0C91BC942}") = "App_DrawBox", "App_DrawBox\App_DrawBox.vcxproj", "{3BBEFB92-7F92-4D53-A962-D2327530932F}"
EndProject
Project("{8BC9CEB8-8B4A-11D0-8D11-00A0C91BC942}") = "App_Blur", "App_Blur\App_Blur.vcxproj", "{776C4E6B-CE89-4E35-8BC8-CAD96C33FEA6}"
EndProject
Project("{8BC9CEB8-8B4A-11D0-8D11-00A0C91BC942}") = "App_Culling", "App_Culling\App_Culling.vcxproj", "{13E0E657-9EE1-48A9-AE0F-9F11CAC83493}"
EndProject
Project("{8BC9CEB8-8B4A-11D0-8D11-00A0C91BC942}") = "App_Instancing", "App_Instancing\App_Instancing.vcxproj", "{9E0F3528-5365-49EB-9FCB-D21B8E1CC39B}"
EndProject
Project("{8BC9CEB8-8B4A-11D0-8D11-00A0C91BC942}") = "App_InvertColor", "App_InvertColor\App_InvertColor.vcxproj", "{8C7BF4E6-8499-421F-B711-F9B5941EE406}"
EndProject
Project("{8BC9CEB8-8B4A-11D0-8D11-00A0C91BC942}") = "App_LoadModel", "App_LoadModel\App_LoadModel.vcxproj", "{DA77B7DE-8735-45AD-8D85-F8F0413A49B8}"
EndProject
Project("{8BC9CEB8-8B4A-11D0-8D11-00A0C91BC942}") = "App_Shadow", "App_Shadow\App_Shadow.vcxproj", "{C0CCA287-D173-4D5C-B35E-B66F1A5C9915}"
EndProject
Project("{8BC9CEB8-8B4A-11D0-8D11-00A0C91BC942}") = "App_shapesIn3Frame", "App_shapesIn3Frame\App_shapesIn3Frame.vcxproj", "{100A4873-B0F5-4119-B47A-94F375629E61}"
EndProject
Project("{8BC9CEB8-8B4A-11D0-8D11-00A0C91BC942}") = "App_SSAO", "App_SSAO\App_SSAO.vcxproj", "{F9985A28-DF5A-4392-BB07-C58EB67F29BC}"
EndProject
Project("{8BC9CEB8-8B4A-11D0-8D11-00A0C91BC942}") = "App_Tessellation", "App_Tessellation\App_Tessellation.vcxproj", "{96D6436C-BC7E-42AE-9D80-435E1F293B49}"
EndProject
Project("{8BC9CEB8-8B4A-11D0-8D11-00A0C91BC942}") = "App_ComputeCulling", "App_ComputeCulling\App_ComputeCulling.vcxproj", "{5B234C58-42A8-47C2-A3D8-0D1FF0D7FA38}"
EndProject
Project("{8BC9CEB8-8B4A-11D0-8D11-00A0C91BC942}") = "App_RayTracing", "App_RayTracing\App_RayTracing.vcxproj", "{0F98EE26-2609-4E05-A2BE-64243714DE69}"
EndProject
Global
	GlobalSection(SolutionConfigurationPlatforms) = preSolution
		Debug|x64 = Debug|x64
		Debug|x86 = Debug|x86
		Release|x64 = Release|x64
		Release|x86 = Release|x86
	EndGlobalSection
	GlobalSection(ProjectConfigurationPlatforms) = postSolution
		{EBE19B4B-F0F2-494F-9C3E-A5BD26EC8BB0}.Debug|x64.ActiveCfg = Debug|x64
		{EBE19B4B-F0F2-494F-9C3E-A5BD26EC8BB0}.Debug|x64.Build.0 = Debug|x64
		{EBE19B4B-F0F2-494F-9C3E-A5BD26EC8BB0}.Debug|x86.ActiveCfg = Debug|Win32
		{EBE19B4B-F0F2-494F-9C3E-A5BD26EC8BB0}.Debug|x86.Build.0 = Debug|Win32
		{EBE19B4B-F0F2-494F-9C3E-A5BD26EC8BB0}.Release|x64.ActiveCfg = Release|x64
		{EBE19B4B-F0F2-494F-9C3E-A5BD26EC8BB0}.Release|x64.Build.0 = Release|x64
		{EBE19B4B-F0F2-494F-9C3E-A5BD26EC8BB0}.Release|x86.ActiveCfg = Release|Win32
		{EBE19B4B-F0F2-494F-9C3E-A5BD26EC8BB0}.Release|x86.Build.0 = Release|Win32
		{3BBEFB92-7F92-4D53-A962-D2327530932F}.Debug|x64.ActiveCfg = Debug|x64
		{3BBEFB92-7F92-4D53-A962-D2327530932F}.Debug|x64.Build.0 = Debug|x64
		{3BBEFB92-7F92-4D53-A962-D2327530932F}.Debug|x86.ActiveCfg = Debug|Win32
		{3BBEFB92-7F92-4D53-A962-D2327530932F}.Debug|x86.Build.0 = Debug|Win32
		{3BBEFB92-7F92-4D53-A962-D2327530932F}.Release|x64.ActiveCfg = Release|x64
		{3BBEFB92-7F92-4D53-A962-D2327530932F}.Release|x64.Build.0 = Release|x64
		{3BBEFB92-7F92-4D53-A962-D2327530932F}.Release|x86.ActiveCfg = Release|Win32
		{3BBEFB92-7F92-4D53-A962-D2327530932F}.Release|x86.Build.0 = Release|Win32
		{776C4E6B-CE89-4E35-8BC8-CAD96C33FEA6}.Debug|x64.ActiveCfg = Debug|x64
		{776C4E6B-CE89-4E35-8BC8-CAD96C33FEA6}.Debug|x64.Build.0 = Debug|x64
		{776C4E6B-CE89-4E35-8BC8-CAD96C33FEA6}.Debug|x86.ActiveCfg = Debug|Win32
		{776C4E6B-CE89-4E35-8BC8-CAD96C33FEA6}.Debug|x86.Build.0 = Debug|Win32
		{776C4E6B-CE89-4E35-8BC8-CAD96C33FEA6}.Release|x64.ActiveCfg = Release|x64
		{776C4E6B-CE89-4E35-8BC8-CAD96C33FEA6}.Release|x64.Build.0 = Release|x64
		{776C4E6B-CE89-4E35-8BC8-CAD96C33FEA6}.Release|x86.ActiveCfg = Release|Win32
		{776C4E6B-CE89-4E35-8BC8-CAD96C33FEA6}.Release|x86.Build.0 = Release|Win32
		{13E0E657-9EE1-48A9-AE0F-9F11CAC83493}.Debug|x64.ActiveCfg = Debug|x64
		{13E0E657-9EE1-48A9-AE0F-9F11CAC83493}.Debug|x64.Build.0 = Debug|x64
		{13E0E657-9EE1-48A9-AE0F-9F11CAC83493}.Debug|x86.ActiveCfg = Debug|Win32
		{13E0E657-9EE1-48A9-AE0F-9F11CAC83493}.Debug|x86.Build.0 = Debug|Win32
		{13E0E657-9EE1-48A9-AE0F-9F11CAC83493}.Release|x64.ActiveCfg = Release|x64
		{13E0E657-9EE1-48A9-AE0F-9F11CAC83493}.Release|x64.Build.0 = Release|x64
		{13E0E657-9EE1-48A9-AE0F-9F11CAC83493}.Release|x86.ActiveCfg = Release|Win32
		{13E0E657-9EE1-48A9-AE0F-9F11CAC83493}.Release|x86.Build.0 = Release|Win32
		{9E0F3528-5365-49EB-9FCB-D21B8E1CC39B}.Debug|x64.ActiveCfg = Debug|x64
		{9E0F3528-5365-49EB-9FCB-D21B8E1CC39B}.Debug|x64.Build.0 = Debug|x64
		{9E0F3528-5365-49EB-9FCB-D21B8E1CC39B}.Debug|x86.ActiveCfg = Debug|Win32
		{9E0F3528-5365-49EB-9FCB-D21B8E1CC39B}.Debug|x86.Build.0 = Debug|Win32
		{9E0F3528-5365-49EB-9FCB-D21B8E1CC39B}.Release|x64.ActiveCfg = Release|x64
		{9E0F3528-5365-49EB-9FCB-D21B8E1CC39B}.Release|x64.Build.0 = Release|x64
		{9E0F3528-5365-49EB-9FCB-D21B8E1CC39B}.Release|x86.ActiveCfg = Release|Win32
		{9E0F3528-5365-49EB-9FCB-D21B8E1CC39B}.Release|x86.Build.0 = Release|Win32
		{8C7BF4E6-8499-421F-B711-F9B5941EE406}.Debug|x64.ActiveCfg = Debug|x64
		{8C7BF4E6-8499-421F-B711-F9B5941EE406}.Debug|x64.Build.0 = Debug|x64
		{8C7BF4E6-8499-421F-B711-F9B5941EE406}.Debug|x86.ActiveCfg = Debug|Win32
		{8C7BF4E6-8499-421F-B711-F9B5941EE406}.Debug|x86.Build.0 = Debug|Win32
		{8C7BF4E6-8499-421F-B711-F9B5941EE406}.Release|x64.ActiveCfg = Release|x64
		{8C7BF4E6-8499-421F-B711-F9B5941EE406}.Release|x64.Build.0 = Release|x64
		{8C7BF4E6-8499-421F-B711-F9B5941EE406}.Release|x86.ActiveCfg = Release|Win32
		{8C7BF4E6-8499-421F-B711-F9B5941EE406}.Release|x86.Build.0 = Release|Win32
		{DA77B7DE-8735-45AD-8D85-F8F0413A49B8}.Debug|x64.ActiveCfg = Debug|x64
		{DA77B7DE-8735-45AD-8D85-F8F0413A49B8}.Debug|x64.Build.0 = Debug|x64
		{DA77B7DE-8735-45AD-8D85-F8F0413A49B8}.Debug|x86.ActiveCfg = Debug|Win32
		{DA77B7DE-8735-45AD-8D85-F8F0413A49B8}.Debug|x86.Build.0 = Debug|Win32
		{DA77B7DE-8735-45AD-8D85-F8F0413A49B8}.Release|x64.ActiveCfg = Release|x64
		{DA77B7DE-8735-45AD-8D85-F8F0413A49B8}.Release|x64.Build.0 = Release|x64
		{DA77B7DE-8735-45AD-8D85-F8F0413A49B8}.Release|x86.ActiveCfg = Release|Win32
		{DA77B7DE-8735-45AD-8D85-F8F0413A49B8}.Release|x86.Build.0 = Release|Win32
		{C0CCA287-D173-4D5C-B35E-B66F1A5C9915}.Debug|x64.ActiveCfg = Debug|x64
		{C0CCA287-D173-4D5C-B35E-B66F1A5C9915}.Debug|x64.Build.0 = Debug|x64
		{C0CCA287-D173-4D5C-B35E-B66F1A5C9915}.Debug|x86.ActiveCfg = Debug|Win32
		{C0CCA287-D173-4D5C-B35E-B66F1A5C9915}.Debug|x86.Build.0 = Debug|Win32
		{C0CCA287-D173-4D5C-B35E-B66F1A5C9915}.Release|x64.ActiveCfg = Release|x64
		{C0CCA287-D173-4D5C-B35E-B66F1A5C9915}.Release|x64.Build.0 = Release|x64
		{C0CCA287-D173-4D5C-B35E-B66F1A5C9915}.Release|x86.ActiveCfg = Release|Win32
		{C0CCA287-D173-4D5C-B35E-B66F1A5C9915}.Release|x86.Build.0 = Release|Win32
		{100A4873-B0F5-4119-B47A-94F375629E61}.Debug|x64.ActiveCfg = Debug|x64
		{100A4873-B0F5-4119-B47A-94F375629E61}.Debug|x64.Build.0 = Debug|x64
		{100A4873-B0F5-4119-B47A-94F375629E61}.Debug|x86.ActiveCfg = Debug|Win32
		{100A4873-B0F5-4119-B47A-94F375629E61}.Debug|x86.Build.0 = Debug|Win32
		{100A4873-B0F5-4119-B47A-94F375629E61}.Release|x64.ActiveCfg = Release|x64
		{100A4873-B0F5-4119-B47A-94F375629E61}.Release|x64.Build.0 = Release|x64
		{100A4873-B0F5-4119-B47A-94F375629E61}.Release|x86.ActiveCfg = Release|Win32
		{100A4873-B0F5-4119-B47A-94F375629E61}.Release|x86.Build.0 = Release|Win32
		{F9985A28-DF5A-4392-BB07-C58EB67F29BC}.Debug|x64.ActiveCfg = Debug|x64
		{F9985A28-DF5A-4392-BB07-C58EB67F29BC}.Debug|x64.Build.0 = Debug|x64
		{F9985A28-DF5A-4392-BB07-C58EB67F29BC}.Debug|x86.ActiveCfg = Debug|Win32
		{F9985A28-DF5A-4392-BB07-C58EB67F29BC}.Debug|x86.Build.0 = Debug|Win32
		{F9985A28-DF5A-4392-BB07-C58EB67F29BC}.Release|x64.ActiveCfg = Release|x64
		{F9985A28-DF5A-4392-BB07-C58EB67F29BC}.Release|x64.Build.0 = Release|x64
		{F9985A28-DF5A-4392-BB07-C58EB67F29BC}.Release|x86.ActiveCfg = Release|Win32
		{F9985A28-DF5A-4392-BB07-C58EB67F29BC}.Release|x86.Build.0 = Release|Win32
		{96D6436C-BC7E-42AE-9D80-435E1F293B49}.Debug|x64.ActiveCfg = Debug|x64
		{96D6436C-BC7E-42AE-9D80-435E1F293B49}.Debug|x64.Build.0 = Debug|x64
		{96D6436C-BC7E-42AE-9D80-435E1F293B49}.Debug|x86.ActiveCfg = Debug|Win32
		{96D6436C-BC7E-42AE-9D80-435E1F293B49}.Debug|x86.Build.0 = Debug|Win32
		{96D6436C-BC7E-42AE-9D80-435E1F293B49}.Release|x64.ActiveCfg = Release|x64
		{96D6436C-BC7E-42AE-9D80-435E1F293B49}.Release|x64.Build.0 = Release|x64
		{96D6436C-BC7E-42AE-9D80-435E1F293B49}.Release|x86.ActiveCfg = Release|Win32
		{96D6436C-BC7E-42AE-9D80-435E1F293B49}.Release|x86.Build.0 = Release|Win32
		{5B234C58-42A8-47C2-A3D8-0D1FF0D7FA38}.Debug|x64.ActiveCfg = Debug|x64
		{5B234C58-42A8-47C2-A3D8-0D1FF0D7FA38}.Debug|x64.Build.0 = Debug|x64
		{5B234C58-42A8-47C2-A3D8-0D1FF0D7FA38}.Debug|x86.ActiveCfg = Debug|Win32
		{5B234C58-42A8-47C2-A3D8-0D1FF0D7FA38}.Debug|x86.Build.0 = Debug|Win32
		{5B234C58-42A8-47C2-A3D8-0D1FF0D7FA38}.Release|x64.ActiveCfg = Release|x64
		{5B234C58-42A8-47C2-A3D8-0D1FF0D7FA38}.Release|x64.Build.0 = Release|x64
		{5B234C58-42A8-47C2-A3D8-0D1FF0D7FA38}.Release|x86.ActiveCfg = Release|Win32
		{5B234C58-42A8-47C2-A3D8-0D1FF0D7FA38}.Release|x86.Build.0 = Release|Win32
		{0F98EE26-2609-4E05-A2BE-64243714DE69}.Debug|x64.ActiveCfg = Debug|x64
		{0F98EE26-2609-4E05-A2BE-64243714DE69}.Debug|x64.Build.0 = Debug|x64
		{0F98EE26-2609-4E05-A2BE-64243714DE69}.Debug|x86.ActiveCfg = Debug|Win32
		{0F98EE26-2609-4E05-A2BE-64243714DE69}.Debug|x86.Build.0 = Debug|Win32
		{0F98EE26-2609-4E05-A2BE-64243714DE69}.Release|x64.ActiveCfg = Release|x64
		{0F98EE26-2609-4E05-A2BE-64243714DE69}.Release|x64.Build.0 = Release|x64
		{0F98EE26-2609-4E05-A2BE-64243714DE69}.Release|x86.ActiveCfg = Release|Win32
		{0F98EE26-2609-4E05-A2BE-64243714DE69}.Release|x86.Build.0 = Release|Win32
	EndGlobalSection
	GlobalSection(SolutionProperties) = preSolution
		HideSolutionNode = FALSE
	EndGlobalSection
	GlobalSection(ExtensibilityGlobals) = postSolution
		SolutionGuid = {F4595203-9695-4C64-896E-3D9106946459}
	EndGlobalSection
EndGlobal
